
Microsoft Visual Studio Solution File, Format Version 12.00
# Visual Studio Version 16
VisualStudioVersion = 16.0.29009.5
MinimumVisualStudioVersion = 10.0.40219.1
Project("{2150E333-8FDC-42A3-9474-1A3956D46DE8}") = "Source", "Source", "{F9CF5759-9A8B-482E-BC12-A730E00E667E}"
EndProject
Project("{2150E333-8FDC-42A3-9474-1A3956D46DE8}") = "Presentation", "Presentation", "{E98C36B0-FE3A-4786-BA0B-A5AB5F3D3C41}"
EndProject
Project("{9A19103F-16F7-4668-BE54-9A1E7A4F7556}") = "RestApi", "Source\Presentation\RestApi\RestApi.csproj", "{83204A69-A760-4CF5-9ECB-B17070EF737F}"
EndProject
Project("{9A19103F-16F7-4668-BE54-9A1E7A4F7556}") = "Core", "Source\Core\Core.csproj", "{2AA59A49-1483-4FB1-8EC1-59105D135E3B}"
EndProject
Project("{2150E333-8FDC-42A3-9474-1A3956D46DE8}") = "Core", "Core", "{FAD40FB5-8F6F-40C6-9425-B33378F578CB}"
EndProject
Project("{2150E333-8FDC-42A3-9474-1A3956D46DE8}") = "Infrastructure", "Infrastructure", "{C888F1BE-A446-4118-9510-2DEC6B527D59}"
EndProject
Project("{9A19103F-16F7-4668-BE54-9A1E7A4F7556}") = "Data", "Source\Infrastructure\Data\Data.csproj", "{C2C27FDA-2C5C-460B-9C58-9787D2EFDF0C}"
EndProject
Project("{2150E333-8FDC-42A3-9474-1A3956D46DE8}") = "Common", "Common", "{EE1790F5-C5F5-41B0-80D0-FCD76764B4E1}"
EndProject
Project("{9A19103F-16F7-4668-BE54-9A1E7A4F7556}") = "CommonInfrastructure", "Source\Services\Common\CommonInfrastructure\CommonInfrastructure.csproj", "{96C10938-62C8-4AE3-B249-2738AA3F493F}"
EndProject
Project("{9A19103F-16F7-4668-BE54-9A1E7A4F7556}") = "CommonDomain", "Source\Services\Common\CommonDomain\CommonDomain.csproj", "{7E3A7EBA-8F5D-420E-86A8-92182AEA6784}"
EndProject
Project("{9A19103F-16F7-4668-BE54-9A1E7A4F7556}") = "CommonDomain_uTest", "Source\Services\Common\CommonDomain_uTest\CommonDomain_uTest.csproj", "{CD4C092E-7107-4438-B321-81AE6F073FA5}"
EndProject
Project("{2150E333-8FDC-42A3-9474-1A3956D46DE8}") = "Services", "Services", "{28A358CC-DAF2-4146-BE95-035C7DE2BD44}"
EndProject
Project("{2150E333-8FDC-42A3-9474-1A3956D46DE8}") = "AppoitmentScheduling", "AppoitmentScheduling", "{DF47481D-D08E-4B6E-9354-798DD00A525C}"
EndProject
Project("{2150E333-8FDC-42A3-9474-1A3956D46DE8}") = "tests", "tests", "{CD22D1FA-0202-4E22-8908-BDD32B970BE0}"
EndProject
Project("{9A19103F-16F7-4668-BE54-9A1E7A4F7556}") = "AppoitmentScheduling.API", "Source\Services\AppoitmentScheduling\AppoitmentScheduling.API\AppoitmentScheduling.API.csproj", "{C02CCDE6-B759-4BAF-A949-FF155311DA42}"
EndProject
Project("{9A19103F-16F7-4668-BE54-9A1E7A4F7556}") = "AppoitmentScheduling.Domain", "Source\Services\AppoitmentScheduling\AppoitmentScheduling.Domain\AppoitmentScheduling.Domain.csproj", "{8B955FC5-EAA6-44B4-849B-57FDA10B10C0}"
EndProject
Project("{9A19103F-16F7-4668-BE54-9A1E7A4F7556}") = "AppoitmentScheduling.Infrastructure", "Source\Services\AppoitmentScheduling\AppoitmentScheduling.Infrastructure\AppoitmentScheduling.Infrastructure.csproj", "{B8E39DE6-9B35-4A97-A36B-4493B488083C}"
EndProject
Project("{2150E333-8FDC-42A3-9474-1A3956D46DE8}") = "ReviewsManagement", "ReviewsManagement", "{037E8542-97D1-4FD9-8D0E-01B9E184B4AC}"
EndProject
Project("{9A19103F-16F7-4668-BE54-9A1E7A4F7556}") = "ReviewsManagement.Domain", "Source\Services\ReviewsManagement\ReviewsManagement.Domain\ReviewsManagement.Domain.csproj", "{5B6F0423-EED9-4CEA-A478-3E88A9CB3570}"
EndProject
Project("{2150E333-8FDC-42A3-9474-1A3956D46DE8}") = "StoresManagement", "StoresManagement", "{07FD3EE7-EB3E-4717-BFEA-A237C2F0D988}"
EndProject
Project("{9A19103F-16F7-4668-BE54-9A1E7A4F7556}") = "StoresManagement.Domain", "Source\Services\StoresManagement\StoresManagement.Domain\StoresManagement.Domain.csproj", "{C21B63CD-0675-49B1-B77D-A03C7F7553A5}"
EndProject
Project("{2150E333-8FDC-42A3-9474-1A3956D46DE8}") = "Monitoring", "Monitoring", "{E77A5CBE-1DC4-4DFF-B2F0-B9A262405C7D}"
EndProject
Project("{2150E333-8FDC-42A3-9474-1A3956D46DE8}") = "Account", "Account", "{BD991E45-5DB8-49E7-880D-1A578908729C}"
EndProject
Project("{9A19103F-16F7-4668-BE54-9A1E7A4F7556}") = "AppoitmentScheduling.Functions", "Source\Services\AppoitmentScheduling\AppoitmentScheduling.Functions\AppoitmentScheduling.Functions.csproj", "{D1A3D462-1F31-4975-9746-C1BCC52015E5}"
EndProject
Project("{FAE04EC0-301F-11D3-BF4B-00C04F79EFBC}") = "NetCoreInfrastructure", "Source\Services\Common\NetCoreInfrastructure\NetCoreInfrastructure.csproj", "{1521EC28-74BA-44AE-B26A-2EB2BDA9EDF6}"
EndProject
Global
	GlobalSection(SolutionConfigurationPlatforms) = preSolution
		Debug|Any CPU = Debug|Any CPU
		Release|Any CPU = Release|Any CPU
	EndGlobalSection
	GlobalSection(ProjectConfigurationPlatforms) = postSolution
		{83204A69-A760-4CF5-9ECB-B17070EF737F}.Debug|Any CPU.ActiveCfg = Debug|Any CPU
		{83204A69-A760-4CF5-9ECB-B17070EF737F}.Debug|Any CPU.Build.0 = Debug|Any CPU
		{83204A69-A760-4CF5-9ECB-B17070EF737F}.Release|Any CPU.ActiveCfg = Release|Any CPU
		{83204A69-A760-4CF5-9ECB-B17070EF737F}.Release|Any CPU.Build.0 = Release|Any CPU
		{2AA59A49-1483-4FB1-8EC1-59105D135E3B}.Debug|Any CPU.ActiveCfg = Debug|Any CPU
		{2AA59A49-1483-4FB1-8EC1-59105D135E3B}.Debug|Any CPU.Build.0 = Debug|Any CPU
		{2AA59A49-1483-4FB1-8EC1-59105D135E3B}.Release|Any CPU.ActiveCfg = Release|Any CPU
		{2AA59A49-1483-4FB1-8EC1-59105D135E3B}.Release|Any CPU.Build.0 = Release|Any CPU
		{C2C27FDA-2C5C-460B-9C58-9787D2EFDF0C}.Debug|Any CPU.ActiveCfg = Debug|Any CPU
		{C2C27FDA-2C5C-460B-9C58-9787D2EFDF0C}.Debug|Any CPU.Build.0 = Debug|Any CPU
		{C2C27FDA-2C5C-460B-9C58-9787D2EFDF0C}.Release|Any CPU.ActiveCfg = Release|Any CPU
		{C2C27FDA-2C5C-460B-9C58-9787D2EFDF0C}.Release|Any CPU.Build.0 = Release|Any CPU
		{96C10938-62C8-4AE3-B249-2738AA3F493F}.Debug|Any CPU.ActiveCfg = Debug|Any CPU
		{96C10938-62C8-4AE3-B249-2738AA3F493F}.Debug|Any CPU.Build.0 = Debug|Any CPU
		{96C10938-62C8-4AE3-B249-2738AA3F493F}.Release|Any CPU.ActiveCfg = Release|Any CPU
		{96C10938-62C8-4AE3-B249-2738AA3F493F}.Release|Any CPU.Build.0 = Release|Any CPU
		{7E3A7EBA-8F5D-420E-86A8-92182AEA6784}.Debug|Any CPU.ActiveCfg = Debug|Any CPU
		{7E3A7EBA-8F5D-420E-86A8-92182AEA6784}.Debug|Any CPU.Build.0 = Debug|Any CPU
		{7E3A7EBA-8F5D-420E-86A8-92182AEA6784}.Release|Any CPU.ActiveCfg = Release|Any CPU
		{7E3A7EBA-8F5D-420E-86A8-92182AEA6784}.Release|Any CPU.Build.0 = Release|Any CPU
		{CD4C092E-7107-4438-B321-81AE6F073FA5}.Debug|Any CPU.ActiveCfg = Debug|Any CPU
		{CD4C092E-7107-4438-B321-81AE6F073FA5}.Debug|Any CPU.Build.0 = Debug|Any CPU
		{CD4C092E-7107-4438-B321-81AE6F073FA5}.Release|Any CPU.ActiveCfg = Release|Any CPU
		{CD4C092E-7107-4438-B321-81AE6F073FA5}.Release|Any CPU.Build.0 = Release|Any CPU
		{C02CCDE6-B759-4BAF-A949-FF155311DA42}.Debug|Any CPU.ActiveCfg = Debug|Any CPU
		{C02CCDE6-B759-4BAF-A949-FF155311DA42}.Debug|Any CPU.Build.0 = Debug|Any CPU
		{C02CCDE6-B759-4BAF-A949-FF155311DA42}.Release|Any CPU.ActiveCfg = Release|Any CPU
		{C02CCDE6-B759-4BAF-A949-FF155311DA42}.Release|Any CPU.Build.0 = Release|Any CPU
		{8B955FC5-EAA6-44B4-849B-57FDA10B10C0}.Debug|Any CPU.ActiveCfg = Debug|Any CPU
		{8B955FC5-EAA6-44B4-849B-57FDA10B10C0}.Debug|Any CPU.Build.0 = Debug|Any CPU
		{8B955FC5-EAA6-44B4-849B-57FDA10B10C0}.Release|Any CPU.ActiveCfg = Release|Any CPU
		{8B955FC5-EAA6-44B4-849B-57FDA10B10C0}.Release|Any CPU.Build.0 = Release|Any CPU
		{B8E39DE6-9B35-4A97-A36B-4493B488083C}.Debug|Any CPU.ActiveCfg = Debug|Any CPU
		{B8E39DE6-9B35-4A97-A36B-4493B488083C}.Debug|Any CPU.Build.0 = Debug|Any CPU
		{B8E39DE6-9B35-4A97-A36B-4493B488083C}.Release|Any CPU.ActiveCfg = Release|Any CPU
		{B8E39DE6-9B35-4A97-A36B-4493B488083C}.Release|Any CPU.Build.0 = Release|Any CPU
		{5B6F0423-EED9-4CEA-A478-3E88A9CB3570}.Debug|Any CPU.ActiveCfg = Debug|Any CPU
		{5B6F0423-EED9-4CEA-A478-3E88A9CB3570}.Debug|Any CPU.Build.0 = Debug|Any CPU
		{5B6F0423-EED9-4CEA-A478-3E88A9CB3570}.Release|Any CPU.ActiveCfg = Release|Any CPU
		{5B6F0423-EED9-4CEA-A478-3E88A9CB3570}.Release|Any CPU.Build.0 = Release|Any CPU
		{C21B63CD-0675-49B1-B77D-A03C7F7553A5}.Debug|Any CPU.ActiveCfg = Debug|Any CPU
		{C21B63CD-0675-49B1-B77D-A03C7F7553A5}.Debug|Any CPU.Build.0 = Debug|Any CPU
		{C21B63CD-0675-49B1-B77D-A03C7F7553A5}.Release|Any CPU.ActiveCfg = Release|Any CPU
		{C21B63CD-0675-49B1-B77D-A03C7F7553A5}.Release|Any CPU.Build.0 = Release|Any CPU
		{D1A3D462-1F31-4975-9746-C1BCC52015E5}.Debug|Any CPU.ActiveCfg = Debug|Any CPU
		{D1A3D462-1F31-4975-9746-C1BCC52015E5}.Debug|Any CPU.Build.0 = Debug|Any CPU
		{D1A3D462-1F31-4975-9746-C1BCC52015E5}.Release|Any CPU.ActiveCfg = Release|Any CPU
		{D1A3D462-1F31-4975-9746-C1BCC52015E5}.Release|Any CPU.Build.0 = Release|Any CPU
		{1521EC28-74BA-44AE-B26A-2EB2BDA9EDF6}.Debug|Any CPU.ActiveCfg = Debug|Any CPU
		{1521EC28-74BA-44AE-B26A-2EB2BDA9EDF6}.Debug|Any CPU.Build.0 = Debug|Any CPU
		{1521EC28-74BA-44AE-B26A-2EB2BDA9EDF6}.Release|Any CPU.ActiveCfg = Release|Any CPU
		{1521EC28-74BA-44AE-B26A-2EB2BDA9EDF6}.Release|Any CPU.Build.0 = Release|Any CPU
	EndGlobalSection
	GlobalSection(SolutionProperties) = preSolution
		HideSolutionNode = FALSE
	EndGlobalSection
	GlobalSection(NestedProjects) = preSolution
		{E98C36B0-FE3A-4786-BA0B-A5AB5F3D3C41} = {F9CF5759-9A8B-482E-BC12-A730E00E667E}
		{83204A69-A760-4CF5-9ECB-B17070EF737F} = {E98C36B0-FE3A-4786-BA0B-A5AB5F3D3C41}
		{2AA59A49-1483-4FB1-8EC1-59105D135E3B} = {FAD40FB5-8F6F-40C6-9425-B33378F578CB}
		{FAD40FB5-8F6F-40C6-9425-B33378F578CB} = {F9CF5759-9A8B-482E-BC12-A730E00E667E}
		{C888F1BE-A446-4118-9510-2DEC6B527D59} = {F9CF5759-9A8B-482E-BC12-A730E00E667E}
		{C2C27FDA-2C5C-460B-9C58-9787D2EFDF0C} = {C888F1BE-A446-4118-9510-2DEC6B527D59}
		{EE1790F5-C5F5-41B0-80D0-FCD76764B4E1} = {28A358CC-DAF2-4146-BE95-035C7DE2BD44}
		{96C10938-62C8-4AE3-B249-2738AA3F493F} = {EE1790F5-C5F5-41B0-80D0-FCD76764B4E1}
		{7E3A7EBA-8F5D-420E-86A8-92182AEA6784} = {EE1790F5-C5F5-41B0-80D0-FCD76764B4E1}
		{CD4C092E-7107-4438-B321-81AE6F073FA5} = {EE1790F5-C5F5-41B0-80D0-FCD76764B4E1}
		{28A358CC-DAF2-4146-BE95-035C7DE2BD44} = {F9CF5759-9A8B-482E-BC12-A730E00E667E}
		{DF47481D-D08E-4B6E-9354-798DD00A525C} = {28A358CC-DAF2-4146-BE95-035C7DE2BD44}
		{CD22D1FA-0202-4E22-8908-BDD32B970BE0} = {DF47481D-D08E-4B6E-9354-798DD00A525C}
		{C02CCDE6-B759-4BAF-A949-FF155311DA42} = {DF47481D-D08E-4B6E-9354-798DD00A525C}
		{8B955FC5-EAA6-44B4-849B-57FDA10B10C0} = {DF47481D-D08E-4B6E-9354-798DD00A525C}
		{B8E39DE6-9B35-4A97-A36B-4493B488083C} = {DF47481D-D08E-4B6E-9354-798DD00A525C}
		{037E8542-97D1-4FD9-8D0E-01B9E184B4AC} = {28A358CC-DAF2-4146-BE95-035C7DE2BD44}
		{5B6F0423-EED9-4CEA-A478-3E88A9CB3570} = {037E8542-97D1-4FD9-8D0E-01B9E184B4AC}
		{07FD3EE7-EB3E-4717-BFEA-A237C2F0D988} = {28A358CC-DAF2-4146-BE95-035C7DE2BD44}
		{C21B63CD-0675-49B1-B77D-A03C7F7553A5} = {07FD3EE7-EB3E-4717-BFEA-A237C2F0D988}
		{E77A5CBE-1DC4-4DFF-B2F0-B9A262405C7D} = {28A358CC-DAF2-4146-BE95-035C7DE2BD44}
		{BD991E45-5DB8-49E7-880D-1A578908729C} = {28A358CC-DAF2-4146-BE95-035C7DE2BD44}
		{D1A3D462-1F31-4975-9746-C1BCC52015E5} = {DF47481D-D08E-4B6E-9354-798DD00A525C}
		{1521EC28-74BA-44AE-B26A-2EB2BDA9EDF6} = {EE1790F5-C5F5-41B0-80D0-FCD76764B4E1}
	EndGlobalSection
	GlobalSection(ExtensibilityGlobals) = postSolution
		SolutionGuid = {61D71069-4B5F-4CA5-AF1A-FF05615FFF58}
	EndGlobalSection
EndGlobal
