
Microsoft Visual Studio Solution File, Format Version 12.00
# Visual Studio Version 16
VisualStudioVersion = 16.0.29009.5
MinimumVisualStudioVersion = 10.0.40219.1
Project("{2150E333-8FDC-42A3-9474-1A3956D46DE8}") = "Source", "Source", "{F9CF5759-9A8B-482E-BC12-A730E00E667E}"
EndProject
Project("{2150E333-8FDC-42A3-9474-1A3956D46DE8}") = "Presentation", "Presentation", "{E98C36B0-FE3A-4786-BA0B-A5AB5F3D3C41}"
EndProject
Project("{9A19103F-16F7-4668-BE54-9A1E7A4F7556}") = "RestApi", "Source\Presentation\RestApi\RestApi.csproj", "{83204A69-A760-4CF5-9ECB-B17070EF737F}"
EndProject
Project("{9A19103F-16F7-4668-BE54-9A1E7A4F7556}") = "Core", "Source\Core\Core.csproj", "{2AA59A49-1483-4FB1-8EC1-59105D135E3B}"
EndProject
Project("{2150E333-8FDC-42A3-9474-1A3956D46DE8}") = "Core", "Core", "{FAD40FB5-8F6F-40C6-9425-B33378F578CB}"
EndProject
Project("{2150E333-8FDC-42A3-9474-1A3956D46DE8}") = "Infrastructure", "Infrastructure", "{C888F1BE-A446-4118-9510-2DEC6B527D59}"
EndProject
Project("{9A19103F-16F7-4668-BE54-9A1E7A4F7556}") = "Data", "Source\Infrastructure\Data\Data.csproj", "{C2C27FDA-2C5C-460B-9C58-9787D2EFDF0C}"
EndProject
Project("{2150E333-8FDC-42A3-9474-1A3956D46DE8}") = "Common", "Common", "{EE1790F5-C5F5-41B0-80D0-FCD76764B4E1}"
EndProject
Project("{FAE04EC0-301F-11D3-BF4B-00C04F79EFBC}") = "CommonInfrastructure", "Source\Common\CommonInfrastructure\CommonInfrastructure.csproj", "{96C10938-62C8-4AE3-B249-2738AA3F493F}"
EndProject
Project("{FAE04EC0-301F-11D3-BF4B-00C04F79EFBC}") = "CommonDomain", "Source\Common\CommonDomain\CommonDomain.csproj", "{7E3A7EBA-8F5D-420E-86A8-92182AEA6784}"
EndProject
Project("{FAE04EC0-301F-11D3-BF4B-00C04F79EFBC}") = "CommonDomain_uTest", "Source\Common\CommonDomain_uTest\CommonDomain_uTest.csproj", "{CD4C092E-7107-4438-B321-81AE6F073FA5}"
EndProject
Global
	GlobalSection(SolutionConfigurationPlatforms) = preSolution
		Debug|Any CPU = Debug|Any CPU
		Release|Any CPU = Release|Any CPU
	EndGlobalSection
	GlobalSection(ProjectConfigurationPlatforms) = postSolution
		{83204A69-A760-4CF5-9ECB-B17070EF737F}.Debug|Any CPU.ActiveCfg = Debug|Any CPU
		{83204A69-A760-4CF5-9ECB-B17070EF737F}.Debug|Any CPU.Build.0 = Debug|Any CPU
		{83204A69-A760-4CF5-9ECB-B17070EF737F}.Release|Any CPU.ActiveCfg = Release|Any CPU
		{83204A69-A760-4CF5-9ECB-B17070EF737F}.Release|Any CPU.Build.0 = Release|Any CPU
		{2AA59A49-1483-4FB1-8EC1-59105D135E3B}.Debug|Any CPU.ActiveCfg = Debug|Any CPU
		{2AA59A49-1483-4FB1-8EC1-59105D135E3B}.Debug|Any CPU.Build.0 = Debug|Any CPU
		{2AA59A49-1483-4FB1-8EC1-59105D135E3B}.Release|Any CPU.ActiveCfg = Release|Any CPU
		{2AA59A49-1483-4FB1-8EC1-59105D135E3B}.Release|Any CPU.Build.0 = Release|Any CPU
		{C2C27FDA-2C5C-460B-9C58-9787D2EFDF0C}.Debug|Any CPU.ActiveCfg = Debug|Any CPU
		{C2C27FDA-2C5C-460B-9C58-9787D2EFDF0C}.Debug|Any CPU.Build.0 = Debug|Any CPU
		{C2C27FDA-2C5C-460B-9C58-9787D2EFDF0C}.Release|Any CPU.ActiveCfg = Release|Any CPU
		{C2C27FDA-2C5C-460B-9C58-9787D2EFDF0C}.Release|Any CPU.Build.0 = Release|Any CPU
		{96C10938-62C8-4AE3-B249-2738AA3F493F}.Debug|Any CPU.ActiveCfg = Debug|Any CPU
		{96C10938-62C8-4AE3-B249-2738AA3F493F}.Debug|Any CPU.Build.0 = Debug|Any CPU
		{96C10938-62C8-4AE3-B249-2738AA3F493F}.Release|Any CPU.ActiveCfg = Release|Any CPU
		{96C10938-62C8-4AE3-B249-2738AA3F493F}.Release|Any CPU.Build.0 = Release|Any CPU
		{7E3A7EBA-8F5D-420E-86A8-92182AEA6784}.Debug|Any CPU.ActiveCfg = Debug|Any CPU
		{7E3A7EBA-8F5D-420E-86A8-92182AEA6784}.Debug|Any CPU.Build.0 = Debug|Any CPU
		{7E3A7EBA-8F5D-420E-86A8-92182AEA6784}.Release|Any CPU.ActiveCfg = Release|Any CPU
		{7E3A7EBA-8F5D-420E-86A8-92182AEA6784}.Release|Any CPU.Build.0 = Release|Any CPU
		{CD4C092E-7107-4438-B321-81AE6F073FA5}.Debug|Any CPU.ActiveCfg = Debug|Any CPU
		{CD4C092E-7107-4438-B321-81AE6F073FA5}.Debug|Any CPU.Build.0 = Debug|Any CPU
		{CD4C092E-7107-4438-B321-81AE6F073FA5}.Release|Any CPU.ActiveCfg = Release|Any CPU
		{CD4C092E-7107-4438-B321-81AE6F073FA5}.Release|Any CPU.Build.0 = Release|Any CPU
	EndGlobalSection
	GlobalSection(SolutionProperties) = preSolution
		HideSolutionNode = FALSE
	EndGlobalSection
	GlobalSection(NestedProjects) = preSolution
		{E98C36B0-FE3A-4786-BA0B-A5AB5F3D3C41} = {F9CF5759-9A8B-482E-BC12-A730E00E667E}
		{83204A69-A760-4CF5-9ECB-B17070EF737F} = {E98C36B0-FE3A-4786-BA0B-A5AB5F3D3C41}
		{2AA59A49-1483-4FB1-8EC1-59105D135E3B} = {FAD40FB5-8F6F-40C6-9425-B33378F578CB}
		{FAD40FB5-8F6F-40C6-9425-B33378F578CB} = {F9CF5759-9A8B-482E-BC12-A730E00E667E}
		{C888F1BE-A446-4118-9510-2DEC6B527D59} = {F9CF5759-9A8B-482E-BC12-A730E00E667E}
		{C2C27FDA-2C5C-460B-9C58-9787D2EFDF0C} = {C888F1BE-A446-4118-9510-2DEC6B527D59}
		{EE1790F5-C5F5-41B0-80D0-FCD76764B4E1} = {F9CF5759-9A8B-482E-BC12-A730E00E667E}
		{96C10938-62C8-4AE3-B249-2738AA3F493F} = {EE1790F5-C5F5-41B0-80D0-FCD76764B4E1}
		{7E3A7EBA-8F5D-420E-86A8-92182AEA6784} = {EE1790F5-C5F5-41B0-80D0-FCD76764B4E1}
		{CD4C092E-7107-4438-B321-81AE6F073FA5} = {EE1790F5-C5F5-41B0-80D0-FCD76764B4E1}
	EndGlobalSection
	GlobalSection(ExtensibilityGlobals) = postSolution
		SolutionGuid = {61D71069-4B5F-4CA5-AF1A-FF05615FFF58}
	EndGlobalSection
EndGlobal
